// !$*UTF8*$!
{
	archiveVersion = 1;
	classes = {
	};
	objectVersion = 46;
	objects = {

/* Begin PBXBuildFile section */
		1846E70E1BC3B7C220A64D4A /* Pods_CelebritySentimentUITests.framework in Frameworks */ = {isa = PBXBuildFile; fileRef = 39E60D67A49B90CF953BB1F1 /* Pods_CelebritySentimentUITests.framework */; };
		2D16F0251D1A6D26001C3439 /* Groups.swift in Sources */ = {isa = PBXBuildFile; fileRef = 2D16F0241D1A6D26001C3439 /* Groups.swift */; };
		2D16F0261D1A6D26001C3439 /* Groups.swift in Sources */ = {isa = PBXBuildFile; fileRef = 2D16F0241D1A6D26001C3439 /* Groups.swift */; };
		2D16F0281D1B96A8001C3439 /* GroupsTableViewController.swift in Sources */ = {isa = PBXBuildFile; fileRef = 2D16F0271D1B96A8001C3439 /* GroupsTableViewController.swift */; };
		2D16F0291D1B96A8001C3439 /* GroupsTableViewController.swift in Sources */ = {isa = PBXBuildFile; fileRef = 2D16F0271D1B96A8001C3439 /* GroupsTableViewController.swift */; };
		2D16F02E1D1BBB3B001C3439 /* GroupViewTableCell.swift in Sources */ = {isa = PBXBuildFile; fileRef = 2D16F02D1D1BBB3B001C3439 /* GroupViewTableCell.swift */; };
		2D16F02F1D1BBB3B001C3439 /* GroupViewTableCell.swift in Sources */ = {isa = PBXBuildFile; fileRef = 2D16F02D1D1BBB3B001C3439 /* GroupViewTableCell.swift */; };
		2D5924051D161BE2009444BB /* AppDelegate.swift in Sources */ = {isa = PBXBuildFile; fileRef = 2D5924041D161BE2009444BB /* AppDelegate.swift */; };
		2D5924071D161BE2009444BB /* ViewController.swift in Sources */ = {isa = PBXBuildFile; fileRef = 2D5924061D161BE2009444BB /* ViewController.swift */; };
		2D59240A1D161BE2009444BB /* Main.storyboard in Resources */ = {isa = PBXBuildFile; fileRef = 2D5924081D161BE2009444BB /* Main.storyboard */; };
		2D59240D1D161BE2009444BB /* CelebritySentiment.xcdatamodeld in Sources */ = {isa = PBXBuildFile; fileRef = 2D59240B1D161BE2009444BB /* CelebritySentiment.xcdatamodeld */; };
		2D59240F1D161BE2009444BB /* Assets.xcassets in Resources */ = {isa = PBXBuildFile; fileRef = 2D59240E1D161BE2009444BB /* Assets.xcassets */; };
		2D5924121D161BE2009444BB /* LaunchScreen.storyboard in Resources */ = {isa = PBXBuildFile; fileRef = 2D5924101D161BE2009444BB /* LaunchScreen.storyboard */; };
		2D59241D1D161BE3009444BB /* CelebritySentimentTests.swift in Sources */ = {isa = PBXBuildFile; fileRef = 2D59241C1D161BE3009444BB /* CelebritySentimentTests.swift */; };
		2D5924281D161BE3009444BB /* CelebritySentimentUITests.swift in Sources */ = {isa = PBXBuildFile; fileRef = 2D5924271D161BE3009444BB /* CelebritySentimentUITests.swift */; };
		2DA998371D2E323B00C2D289 /* GroupCell.xib in Resources */ = {isa = PBXBuildFile; fileRef = 2DA998361D2E323B00C2D289 /* GroupCell.xib */; };
		2DA998391D2E39E200C2D289 /* Ajay.jpg in Resources */ = {isa = PBXBuildFile; fileRef = 2DA998381D2E39E200C2D289 /* Ajay.jpg */; };
		2DA998431D2E3DD600C2D289 /* CelebrityCollectionViewController.swift in Sources */ = {isa = PBXBuildFile; fileRef = 2DA998421D2E3DD600C2D289 /* CelebrityCollectionViewController.swift */; };
		2DA998451D2E3DFB00C2D289 /* CelebrityCollectionViewCell.swift in Sources */ = {isa = PBXBuildFile; fileRef = 2DA998441D2E3DFB00C2D289 /* CelebrityCollectionViewCell.swift */; };
		2DA9985E1D31A59C00C2D289 /* Alamofire.framework in Frameworks */ = {isa = PBXBuildFile; fileRef = 2DA998511D31A53800C2D289 /* Alamofire.framework */; };
		2DA9985F1D31A59C00C2D289 /* Alamofire.framework in Embed Frameworks */ = {isa = PBXBuildFile; fileRef = 2DA998511D31A53800C2D289 /* Alamofire.framework */; settings = {ATTRIBUTES = (CodeSignOnCopy, RemoveHeadersOnCopy, ); }; };
		2DFDF56C1D2CAEC600A1F015 /* Login.swift in Sources */ = {isa = PBXBuildFile; fileRef = 2DFDF56B1D2CAEC600A1F015 /* Login.swift */; };
		2DFDF5721D2CB5E300A1F015 /* Fabric.framework in Frameworks */ = {isa = PBXBuildFile; fileRef = 2DFDF56E1D2CB5E300A1F015 /* Fabric.framework */; };
		2DFDF5731D2CB5E300A1F015 /* Fabric.framework in Frameworks */ = {isa = PBXBuildFile; fileRef = 2DFDF56E1D2CB5E300A1F015 /* Fabric.framework */; };
		2DFDF5741D2CB5E300A1F015 /* Fabric.framework in Frameworks */ = {isa = PBXBuildFile; fileRef = 2DFDF56E1D2CB5E300A1F015 /* Fabric.framework */; };
		2DFDF5751D2CB5E300A1F015 /* TwitterKit.framework in Frameworks */ = {isa = PBXBuildFile; fileRef = 2DFDF56F1D2CB5E300A1F015 /* TwitterKit.framework */; };
		2DFDF5761D2CB5E300A1F015 /* TwitterKit.framework in Frameworks */ = {isa = PBXBuildFile; fileRef = 2DFDF56F1D2CB5E300A1F015 /* TwitterKit.framework */; };
		2DFDF5771D2CB5E300A1F015 /* TwitterKit.framework in Frameworks */ = {isa = PBXBuildFile; fileRef = 2DFDF56F1D2CB5E300A1F015 /* TwitterKit.framework */; };
		2DFDF5781D2CB5E300A1F015 /* TwitterKitResources.bundle in Resources */ = {isa = PBXBuildFile; fileRef = 2DFDF5701D2CB5E300A1F015 /* TwitterKitResources.bundle */; };
		2DFDF5791D2CB5E300A1F015 /* TwitterKitResources.bundle in Resources */ = {isa = PBXBuildFile; fileRef = 2DFDF5701D2CB5E300A1F015 /* TwitterKitResources.bundle */; };
		2DFDF57A1D2CB5E300A1F015 /* TwitterKitResources.bundle in Resources */ = {isa = PBXBuildFile; fileRef = 2DFDF5701D2CB5E300A1F015 /* TwitterKitResources.bundle */; };
		2DFDF57B1D2CB5E300A1F015 /* TwitterCore.framework in Frameworks */ = {isa = PBXBuildFile; fileRef = 2DFDF5711D2CB5E300A1F015 /* TwitterCore.framework */; };
		2DFDF57C1D2CB5E300A1F015 /* TwitterCore.framework in Frameworks */ = {isa = PBXBuildFile; fileRef = 2DFDF5711D2CB5E300A1F015 /* TwitterCore.framework */; };
		2DFDF57D1D2CB5E300A1F015 /* TwitterCore.framework in Frameworks */ = {isa = PBXBuildFile; fileRef = 2DFDF5711D2CB5E300A1F015 /* TwitterCore.framework */; };
		5DFC3F0A025911B56F7A2EB8 /* Pods_CelebritySentimentTests.framework in Frameworks */ = {isa = PBXBuildFile; fileRef = 3B1517847E6A67DA59C93676 /* Pods_CelebritySentimentTests.framework */; };
/* End PBXBuildFile section */

/* Begin PBXContainerItemProxy section */
		2D5924191D161BE3009444BB /* PBXContainerItemProxy */ = {
			isa = PBXContainerItemProxy;
			containerPortal = 2D5923F91D161BE2009444BB /* Project object */;
			proxyType = 1;
			remoteGlobalIDString = 2D5924001D161BE2009444BB;
			remoteInfo = CelebritySentiment;
		};
		2D5924241D161BE3009444BB /* PBXContainerItemProxy */ = {
			isa = PBXContainerItemProxy;
			containerPortal = 2D5923F91D161BE2009444BB /* Project object */;
			proxyType = 1;
			remoteGlobalIDString = 2D5924001D161BE2009444BB;
			remoteInfo = CelebritySentiment;
		};
		2DA998501D31A53800C2D289 /* PBXContainerItemProxy */ = {
			isa = PBXContainerItemProxy;
			containerPortal = 2DA998461D31A53800C2D289 /* Alamofire.xcodeproj */;
			proxyType = 2;
			remoteGlobalIDString = F8111E3319A95C8B0040E7D1;
			remoteInfo = "Alamofire iOS";
		};
		2DA998521D31A53800C2D289 /* PBXContainerItemProxy */ = {
			isa = PBXContainerItemProxy;
			containerPortal = 2DA998461D31A53800C2D289 /* Alamofire.xcodeproj */;
			proxyType = 2;
			remoteGlobalIDString = F8111E3E19A95C8B0040E7D1;
			remoteInfo = "Alamofire iOS Tests";
		};
		2DA998541D31A53800C2D289 /* PBXContainerItemProxy */ = {
			isa = PBXContainerItemProxy;
			containerPortal = 2DA998461D31A53800C2D289 /* Alamofire.xcodeproj */;
			proxyType = 2;
			remoteGlobalIDString = 4DD67C0B1A5C55C900ED2280;
			remoteInfo = "Alamofire OSX";
		};
		2DA998561D31A53800C2D289 /* PBXContainerItemProxy */ = {
			isa = PBXContainerItemProxy;
			containerPortal = 2DA998461D31A53800C2D289 /* Alamofire.xcodeproj */;
			proxyType = 2;
			remoteGlobalIDString = F829C6B21A7A94F100A2CD59;
			remoteInfo = "Alamofire OSX Tests";
		};
		2DA998581D31A53800C2D289 /* PBXContainerItemProxy */ = {
			isa = PBXContainerItemProxy;
			containerPortal = 2DA998461D31A53800C2D289 /* Alamofire.xcodeproj */;
			proxyType = 2;
			remoteGlobalIDString = 4CF626EF1BA7CB3E0011A099;
			remoteInfo = "Alamofire tvOS";
		};
		2DA9985A1D31A53800C2D289 /* PBXContainerItemProxy */ = {
			isa = PBXContainerItemProxy;
			containerPortal = 2DA998461D31A53800C2D289 /* Alamofire.xcodeproj */;
			proxyType = 2;
			remoteGlobalIDString = 4CF626F81BA7CB3E0011A099;
			remoteInfo = "Alamofire tvOS Tests";
		};
		2DA9985C1D31A53800C2D289 /* PBXContainerItemProxy */ = {
			isa = PBXContainerItemProxy;
			containerPortal = 2DA998461D31A53800C2D289 /* Alamofire.xcodeproj */;
			proxyType = 2;
			remoteGlobalIDString = E4202FE01B667AA100C997FB;
			remoteInfo = "Alamofire watchOS";
		};
		2DA998601D31A59C00C2D289 /* PBXContainerItemProxy */ = {
			isa = PBXContainerItemProxy;
			containerPortal = 2DA998461D31A53800C2D289 /* Alamofire.xcodeproj */;
			proxyType = 1;
			remoteGlobalIDString = F8111E3219A95C8B0040E7D1;
			remoteInfo = "Alamofire iOS";
		};
/* End PBXContainerItemProxy section */

/* Begin PBXCopyFilesBuildPhase section */
		2DA998621D31A59C00C2D289 /* Embed Frameworks */ = {
			isa = PBXCopyFilesBuildPhase;
			buildActionMask = 2147483647;
			dstPath = "";
			dstSubfolderSpec = 10;
			files = (
				2DA9985F1D31A59C00C2D289 /* Alamofire.framework in Embed Frameworks */,
			);
			name = "Embed Frameworks";
			runOnlyForDeploymentPostprocessing = 0;
		};
/* End PBXCopyFilesBuildPhase section */

/* Begin PBXFileReference section */
		2D16F0241D1A6D26001C3439 /* Groups.swift */ = {isa = PBXFileReference; fileEncoding = 4; lastKnownFileType = sourcecode.swift; name = Groups.swift; path = ../Groups.swift; sourceTree = "<group>"; };
		2D16F0271D1B96A8001C3439 /* GroupsTableViewController.swift */ = {isa = PBXFileReference; fileEncoding = 4; lastKnownFileType = sourcecode.swift; name = GroupsTableViewController.swift; path = CelebritySentiment/GroupsTableViewController.swift; sourceTree = "<group>"; };
		2D16F02D1D1BBB3B001C3439 /* GroupViewTableCell.swift */ = {isa = PBXFileReference; fileEncoding = 4; lastKnownFileType = sourcecode.swift; path = GroupViewTableCell.swift; sourceTree = "<group>"; };
		2D5924011D161BE2009444BB /* CelebritySentiment.app */ = {isa = PBXFileReference; explicitFileType = wrapper.application; includeInIndex = 0; path = CelebritySentiment.app; sourceTree = BUILT_PRODUCTS_DIR; };
		2D5924041D161BE2009444BB /* AppDelegate.swift */ = {isa = PBXFileReference; lastKnownFileType = sourcecode.swift; path = AppDelegate.swift; sourceTree = "<group>"; };
		2D5924061D161BE2009444BB /* ViewController.swift */ = {isa = PBXFileReference; lastKnownFileType = sourcecode.swift; name = ViewController.swift; path = CelebritySentiment/ViewController.swift; sourceTree = "<group>"; };
		2D5924091D161BE2009444BB /* Base */ = {isa = PBXFileReference; lastKnownFileType = file.storyboard; name = Base; path = Base.lproj/Main.storyboard; sourceTree = "<group>"; };
		2D59240C1D161BE2009444BB /* CelebritySentiment.xcdatamodel */ = {isa = PBXFileReference; lastKnownFileType = wrapper.xcdatamodel; path = CelebritySentiment.xcdatamodel; sourceTree = "<group>"; };
		2D59240E1D161BE2009444BB /* Assets.xcassets */ = {isa = PBXFileReference; lastKnownFileType = folder.assetcatalog; path = Assets.xcassets; sourceTree = "<group>"; };
		2D5924111D161BE2009444BB /* Base */ = {isa = PBXFileReference; lastKnownFileType = file.storyboard; name = Base; path = Base.lproj/LaunchScreen.storyboard; sourceTree = "<group>"; };
		2D5924131D161BE3009444BB /* Info.plist */ = {isa = PBXFileReference; lastKnownFileType = text.plist.xml; path = Info.plist; sourceTree = "<group>"; };
		2D5924181D161BE3009444BB /* CelebritySentimentTests.xctest */ = {isa = PBXFileReference; explicitFileType = wrapper.cfbundle; includeInIndex = 0; path = CelebritySentimentTests.xctest; sourceTree = BUILT_PRODUCTS_DIR; };
		2D59241C1D161BE3009444BB /* CelebritySentimentTests.swift */ = {isa = PBXFileReference; lastKnownFileType = sourcecode.swift; path = CelebritySentimentTests.swift; sourceTree = "<group>"; };
		2D59241E1D161BE3009444BB /* Info.plist */ = {isa = PBXFileReference; lastKnownFileType = text.plist.xml; path = Info.plist; sourceTree = "<group>"; };
		2D5924231D161BE3009444BB /* CelebritySentimentUITests.xctest */ = {isa = PBXFileReference; explicitFileType = wrapper.cfbundle; includeInIndex = 0; path = CelebritySentimentUITests.xctest; sourceTree = BUILT_PRODUCTS_DIR; };
		2D5924271D161BE3009444BB /* CelebritySentimentUITests.swift */ = {isa = PBXFileReference; lastKnownFileType = sourcecode.swift; path = CelebritySentimentUITests.swift; sourceTree = "<group>"; };
		2D5924291D161BE3009444BB /* Info.plist */ = {isa = PBXFileReference; lastKnownFileType = text.plist.xml; path = Info.plist; sourceTree = "<group>"; };
		2DA998361D2E323B00C2D289 /* GroupCell.xib */ = {isa = PBXFileReference; fileEncoding = 4; lastKnownFileType = file.xib; path = GroupCell.xib; sourceTree = "<group>"; };
		2DA998381D2E39E200C2D289 /* Ajay.jpg */ = {isa = PBXFileReference; lastKnownFileType = image.jpeg; path = Ajay.jpg; sourceTree = "<group>"; };
		2DA998421D2E3DD600C2D289 /* CelebrityCollectionViewController.swift */ = {isa = PBXFileReference; fileEncoding = 4; lastKnownFileType = sourcecode.swift; path = CelebrityCollectionViewController.swift; sourceTree = "<group>"; };
		2DA998441D2E3DFB00C2D289 /* CelebrityCollectionViewCell.swift */ = {isa = PBXFileReference; fileEncoding = 4; lastKnownFileType = sourcecode.swift; path = CelebrityCollectionViewCell.swift; sourceTree = "<group>"; };
		2DA998461D31A53800C2D289 /* Alamofire.xcodeproj */ = {isa = PBXFileReference; lastKnownFileType = "wrapper.pb-project"; name = Alamofire.xcodeproj; path = Alamofire/Alamofire.xcodeproj; sourceTree = "<group>"; };
		2DFDF56B1D2CAEC600A1F015 /* Login.swift */ = {isa = PBXFileReference; fileEncoding = 4; lastKnownFileType = sourcecode.swift; path = Login.swift; sourceTree = "<group>"; };
		2DFDF56E1D2CB5E300A1F015 /* Fabric.framework */ = {isa = PBXFileReference; lastKnownFileType = wrapper.framework; path = Fabric.framework; sourceTree = "<group>"; };
		2DFDF56F1D2CB5E300A1F015 /* TwitterKit.framework */ = {isa = PBXFileReference; lastKnownFileType = wrapper.framework; path = TwitterKit.framework; sourceTree = "<group>"; };
		2DFDF5701D2CB5E300A1F015 /* TwitterKitResources.bundle */ = {isa = PBXFileReference; lastKnownFileType = "wrapper.plug-in"; name = TwitterKitResources.bundle; path = TwitterKit.framework/Versions/A/Resources/TwitterKitResources.bundle; sourceTree = "<group>"; };
		2DFDF5711D2CB5E300A1F015 /* TwitterCore.framework */ = {isa = PBXFileReference; lastKnownFileType = wrapper.framework; path = TwitterCore.framework; sourceTree = "<group>"; };
		39E60D67A49B90CF953BB1F1 /* Pods_CelebritySentimentUITests.framework */ = {isa = PBXFileReference; explicitFileType = wrapper.framework; includeInIndex = 0; path = Pods_CelebritySentimentUITests.framework; sourceTree = BUILT_PRODUCTS_DIR; };
		3B1517847E6A67DA59C93676 /* Pods_CelebritySentimentTests.framework */ = {isa = PBXFileReference; explicitFileType = wrapper.framework; includeInIndex = 0; path = Pods_CelebritySentimentTests.framework; sourceTree = BUILT_PRODUCTS_DIR; };
		FDF369A795BACC5291606F08 /* Pods_CelebritySentiment.framework */ = {isa = PBXFileReference; explicitFileType = wrapper.framework; includeInIndex = 0; path = Pods_CelebritySentiment.framework; sourceTree = BUILT_PRODUCTS_DIR; };
/* End PBXFileReference section */

/* Begin PBXFrameworksBuildPhase section */
		2D5923FE1D161BE2009444BB /* Frameworks */ = {
			isa = PBXFrameworksBuildPhase;
			buildActionMask = 2147483647;
			files = (
				2DFDF5721D2CB5E300A1F015 /* Fabric.framework in Frameworks */,
				2DFDF57B1D2CB5E300A1F015 /* TwitterCore.framework in Frameworks */,
				2DFDF5751D2CB5E300A1F015 /* TwitterKit.framework in Frameworks */,
				2DA9985E1D31A59C00C2D289 /* Alamofire.framework in Frameworks */,
			);
			runOnlyForDeploymentPostprocessing = 0;
		};
		2D5924151D161BE3009444BB /* Frameworks */ = {
			isa = PBXFrameworksBuildPhase;
			buildActionMask = 2147483647;
			files = (
				2DFDF5731D2CB5E300A1F015 /* Fabric.framework in Frameworks */,
				2DFDF57C1D2CB5E300A1F015 /* TwitterCore.framework in Frameworks */,
				2DFDF5761D2CB5E300A1F015 /* TwitterKit.framework in Frameworks */,
				5DFC3F0A025911B56F7A2EB8 /* Pods_CelebritySentimentTests.framework in Frameworks */,
			);
			runOnlyForDeploymentPostprocessing = 0;
		};
		2D5924201D161BE3009444BB /* Frameworks */ = {
			isa = PBXFrameworksBuildPhase;
			buildActionMask = 2147483647;
			files = (
				2DFDF5741D2CB5E300A1F015 /* Fabric.framework in Frameworks */,
				2DFDF57D1D2CB5E300A1F015 /* TwitterCore.framework in Frameworks */,
				2DFDF5771D2CB5E300A1F015 /* TwitterKit.framework in Frameworks */,
				1846E70E1BC3B7C220A64D4A /* Pods_CelebritySentimentUITests.framework in Frameworks */,
			);
			runOnlyForDeploymentPostprocessing = 0;
		};
/* End PBXFrameworksBuildPhase section */

/* Begin PBXGroup section */
		2D16F02B1D1B96D4001C3439 /* ViewController */ = {
			isa = PBXGroup;
			children = (
				2DA998421D2E3DD600C2D289 /* CelebrityCollectionViewController.swift */,
				2D5924061D161BE2009444BB /* ViewController.swift */,
				2D16F0271D1B96A8001C3439 /* GroupsTableViewController.swift */,
				2DFDF56B1D2CAEC600A1F015 /* Login.swift */,
			);
			name = ViewController;
			sourceTree = "<group>";
		};
		2D16F02C1D1BBB0D001C3439 /* CustomTableViewCell */ = {
			isa = PBXGroup;
			children = (
				2D16F02D1D1BBB3B001C3439 /* GroupViewTableCell.swift */,
				2DA998361D2E323B00C2D289 /* GroupCell.xib */,
				2DA998441D2E3DFB00C2D289 /* CelebrityCollectionViewCell.swift */,
			);
			name = CustomTableViewCell;
			sourceTree = "<group>";
		};
		2D5923F81D161BE2009444BB = {
			isa = PBXGroup;
			children = (
				2DA998461D31A53800C2D289 /* Alamofire.xcodeproj */,
				2DA998381D2E39E200C2D289 /* Ajay.jpg */,
				2D16F02C1D1BBB0D001C3439 /* CustomTableViewCell */,
				2D16F02B1D1B96D4001C3439 /* ViewController */,
				2D5924031D161BE2009444BB /* CelebritySentiment */,
				2D59241B1D161BE3009444BB /* CelebritySentimentTests */,
				2D5924261D161BE3009444BB /* CelebritySentimentUITests */,
				2D5924021D161BE2009444BB /* Products */,
				2DFDF56E1D2CB5E300A1F015 /* Fabric.framework */,
				2DFDF56F1D2CB5E300A1F015 /* TwitterKit.framework */,
				2DFDF5701D2CB5E300A1F015 /* TwitterKitResources.bundle */,
				2DFDF5711D2CB5E300A1F015 /* TwitterCore.framework */,
				5C8CE740A71CE02334F93943 /* Frameworks */,
			);
			sourceTree = "<group>";
		};
		2D5924021D161BE2009444BB /* Products */ = {
			isa = PBXGroup;
			children = (
				2D5924011D161BE2009444BB /* CelebritySentiment.app */,
				2D5924181D161BE3009444BB /* CelebritySentimentTests.xctest */,
				2D5924231D161BE3009444BB /* CelebritySentimentUITests.xctest */,
			);
			name = Products;
			sourceTree = "<group>";
		};
		2D5924031D161BE2009444BB /* CelebritySentiment */ = {
			isa = PBXGroup;
			children = (
				2D16F0241D1A6D26001C3439 /* Groups.swift */,
				2D5924041D161BE2009444BB /* AppDelegate.swift */,
				2D5924081D161BE2009444BB /* Main.storyboard */,
				2D59240E1D161BE2009444BB /* Assets.xcassets */,
				2D5924101D161BE2009444BB /* LaunchScreen.storyboard */,
				2D5924131D161BE3009444BB /* Info.plist */,
				2D59240B1D161BE2009444BB /* CelebritySentiment.xcdatamodeld */,
			);
			path = CelebritySentiment;
			sourceTree = "<group>";
		};
		2D59241B1D161BE3009444BB /* CelebritySentimentTests */ = {
			isa = PBXGroup;
			children = (
				2D59241C1D161BE3009444BB /* CelebritySentimentTests.swift */,
				2D59241E1D161BE3009444BB /* Info.plist */,
			);
			path = CelebritySentimentTests;
			sourceTree = "<group>";
		};
		2D5924261D161BE3009444BB /* CelebritySentimentUITests */ = {
			isa = PBXGroup;
			children = (
				2D5924271D161BE3009444BB /* CelebritySentimentUITests.swift */,
				2D5924291D161BE3009444BB /* Info.plist */,
			);
			path = CelebritySentimentUITests;
			sourceTree = "<group>";
		};
		2DA998471D31A53800C2D289 /* Products */ = {
			isa = PBXGroup;
			children = (
				2DA998511D31A53800C2D289 /* Alamofire.framework */,
				2DA998531D31A53800C2D289 /* Alamofire iOS Tests.xctest */,
				2DA998551D31A53800C2D289 /* Alamofire.framework */,
				2DA998571D31A53800C2D289 /* Alamofire OSX Tests.xctest */,
				2DA998591D31A53800C2D289 /* Alamofire.framework */,
				2DA9985B1D31A53800C2D289 /* Alamofire tvOS Tests.xctest */,
				2DA9985D1D31A53800C2D289 /* Alamofire.framework */,
			);
			name = Products;
			sourceTree = "<group>";
		};
		5C8CE740A71CE02334F93943 /* Frameworks */ = {
			isa = PBXGroup;
			children = (
				FDF369A795BACC5291606F08 /* Pods_CelebritySentiment.framework */,
				3B1517847E6A67DA59C93676 /* Pods_CelebritySentimentTests.framework */,
				39E60D67A49B90CF953BB1F1 /* Pods_CelebritySentimentUITests.framework */,
			);
			name = Frameworks;
			sourceTree = "<group>";
		};
/* End PBXGroup section */

/* Begin PBXNativeTarget section */
		2D5924001D161BE2009444BB /* CelebritySentiment */ = {
			isa = PBXNativeTarget;
			buildConfigurationList = 2D59242C1D161BE3009444BB /* Build configuration list for PBXNativeTarget "CelebritySentiment" */;
			buildPhases = (
				2D5923FD1D161BE2009444BB /* Sources */,
				2D5923FE1D161BE2009444BB /* Frameworks */,
				2D5923FF1D161BE2009444BB /* Resources */,
				2DFDF56D1D2CB5C400A1F015 /* ShellScript */,
				2DA998621D31A59C00C2D289 /* Embed Frameworks */,
			);
			buildRules = (
			);
			dependencies = (
				2DA998611D31A59C00C2D289 /* PBXTargetDependency */,
			);
			name = CelebritySentiment;
			productName = CelebritySentiment;
			productReference = 2D5924011D161BE2009444BB /* CelebritySentiment.app */;
			productType = "com.apple.product-type.application";
		};
		2D5924171D161BE3009444BB /* CelebritySentimentTests */ = {
			isa = PBXNativeTarget;
			buildConfigurationList = 2D59242F1D161BE3009444BB /* Build configuration list for PBXNativeTarget "CelebritySentimentTests" */;
			buildPhases = (
				3B0461276FE74AC3FFC5416A /* [CP] Check Pods Manifest.lock */,
				2D5924141D161BE3009444BB /* Sources */,
				2D5924151D161BE3009444BB /* Frameworks */,
				2D5924161D161BE3009444BB /* Resources */,
				E79DCA01D3316BE26AF78B7C /* [CP] Embed Pods Frameworks */,
				3D6C62CBB69072559E3AAB56 /* [CP] Copy Pods Resources */,
			);
			buildRules = (
			);
			dependencies = (
				2D59241A1D161BE3009444BB /* PBXTargetDependency */,
			);
			name = CelebritySentimentTests;
			productName = CelebritySentimentTests;
			productReference = 2D5924181D161BE3009444BB /* CelebritySentimentTests.xctest */;
			productType = "com.apple.product-type.bundle.unit-test";
		};
		2D5924221D161BE3009444BB /* CelebritySentimentUITests */ = {
			isa = PBXNativeTarget;
			buildConfigurationList = 2D5924321D161BE3009444BB /* Build configuration list for PBXNativeTarget "CelebritySentimentUITests" */;
			buildPhases = (
				8B96A2362D3B56B298E010FC /* [CP] Check Pods Manifest.lock */,
				2D59241F1D161BE3009444BB /* Sources */,
				2D5924201D161BE3009444BB /* Frameworks */,
				2D5924211D161BE3009444BB /* Resources */,
				62F4AEEC91DAA1AF9FC937ED /* [CP] Copy Pods Resources */,
			);
			buildRules = (
			);
			dependencies = (
				2D5924251D161BE3009444BB /* PBXTargetDependency */,
			);
			name = CelebritySentimentUITests;
			productName = CelebritySentimentUITests;
			productReference = 2D5924231D161BE3009444BB /* CelebritySentimentUITests.xctest */;
			productType = "com.apple.product-type.bundle.ui-testing";
		};
/* End PBXNativeTarget section */

/* Begin PBXProject section */
		2D5923F91D161BE2009444BB /* Project object */ = {
			isa = PBXProject;
			attributes = {
				LastSwiftUpdateCheck = 0730;
				LastUpgradeCheck = 0730;
				ORGANIZATIONNAME = Ajay;
				TargetAttributes = {
					2D5924001D161BE2009444BB = {
						CreatedOnToolsVersion = 7.3.1;
					};
					2D5924171D161BE3009444BB = {
						CreatedOnToolsVersion = 7.3.1;
						TestTargetID = 2D5924001D161BE2009444BB;
					};
					2D5924221D161BE3009444BB = {
						CreatedOnToolsVersion = 7.3.1;
						TestTargetID = 2D5924001D161BE2009444BB;
					};
				};
			};
			buildConfigurationList = 2D5923FC1D161BE2009444BB /* Build configuration list for PBXProject "CelebritySentiment" */;
			compatibilityVersion = "Xcode 3.2";
			developmentRegion = English;
			hasScannedForEncodings = 0;
			knownRegions = (
				en,
				Base,
			);
			mainGroup = 2D5923F81D161BE2009444BB;
			productRefGroup = 2D5924021D161BE2009444BB /* Products */;
			projectDirPath = "";
			projectReferences = (
				{
					ProductGroup = 2DA998471D31A53800C2D289 /* Products */;
					ProjectRef = 2DA998461D31A53800C2D289 /* Alamofire.xcodeproj */;
				},
			);
			projectRoot = "";
			targets = (
				2D5924001D161BE2009444BB /* CelebritySentiment */,
				2D5924171D161BE3009444BB /* CelebritySentimentTests */,
				2D5924221D161BE3009444BB /* CelebritySentimentUITests */,
			);
		};
/* End PBXProject section */

/* Begin PBXReferenceProxy section */
		2DA998511D31A53800C2D289 /* Alamofire.framework */ = {
			isa = PBXReferenceProxy;
			fileType = wrapper.framework;
			path = Alamofire.framework;
			remoteRef = 2DA998501D31A53800C2D289 /* PBXContainerItemProxy */;
			sourceTree = BUILT_PRODUCTS_DIR;
		};
		2DA998531D31A53800C2D289 /* Alamofire iOS Tests.xctest */ = {
			isa = PBXReferenceProxy;
			fileType = wrapper.cfbundle;
			path = "Alamofire iOS Tests.xctest";
			remoteRef = 2DA998521D31A53800C2D289 /* PBXContainerItemProxy */;
			sourceTree = BUILT_PRODUCTS_DIR;
		};
		2DA998551D31A53800C2D289 /* Alamofire.framework */ = {
			isa = PBXReferenceProxy;
			fileType = wrapper.framework;
			path = Alamofire.framework;
			remoteRef = 2DA998541D31A53800C2D289 /* PBXContainerItemProxy */;
			sourceTree = BUILT_PRODUCTS_DIR;
		};
		2DA998571D31A53800C2D289 /* Alamofire OSX Tests.xctest */ = {
			isa = PBXReferenceProxy;
			fileType = wrapper.cfbundle;
			path = "Alamofire OSX Tests.xctest";
			remoteRef = 2DA998561D31A53800C2D289 /* PBXContainerItemProxy */;
			sourceTree = BUILT_PRODUCTS_DIR;
		};
		2DA998591D31A53800C2D289 /* Alamofire.framework */ = {
			isa = PBXReferenceProxy;
			fileType = wrapper.framework;
			path = Alamofire.framework;
			remoteRef = 2DA998581D31A53800C2D289 /* PBXContainerItemProxy */;
			sourceTree = BUILT_PRODUCTS_DIR;
		};
		2DA9985B1D31A53800C2D289 /* Alamofire tvOS Tests.xctest */ = {
			isa = PBXReferenceProxy;
			fileType = wrapper.cfbundle;
			path = "Alamofire tvOS Tests.xctest";
			remoteRef = 2DA9985A1D31A53800C2D289 /* PBXContainerItemProxy */;
			sourceTree = BUILT_PRODUCTS_DIR;
		};
		2DA9985D1D31A53800C2D289 /* Alamofire.framework */ = {
			isa = PBXReferenceProxy;
			fileType = wrapper.framework;
			path = Alamofire.framework;
			remoteRef = 2DA9985C1D31A53800C2D289 /* PBXContainerItemProxy */;
			sourceTree = BUILT_PRODUCTS_DIR;
		};
/* End PBXReferenceProxy section */

/* Begin PBXResourcesBuildPhase section */
		2D5923FF1D161BE2009444BB /* Resources */ = {
			isa = PBXResourcesBuildPhase;
			buildActionMask = 2147483647;
			files = (
				2DFDF5781D2CB5E300A1F015 /* TwitterKitResources.bundle in Resources */,
				2D5924121D161BE2009444BB /* LaunchScreen.storyboard in Resources */,
				2D59240F1D161BE2009444BB /* Assets.xcassets in Resources */,
				2DA998371D2E323B00C2D289 /* GroupCell.xib in Resources */,
				2D59240A1D161BE2009444BB /* Main.storyboard in Resources */,
				2DA998391D2E39E200C2D289 /* Ajay.jpg in Resources */,
			);
			runOnlyForDeploymentPostprocessing = 0;
		};
		2D5924161D161BE3009444BB /* Resources */ = {
			isa = PBXResourcesBuildPhase;
			buildActionMask = 2147483647;
			files = (
				2DFDF5791D2CB5E300A1F015 /* TwitterKitResources.bundle in Resources */,
			);
			runOnlyForDeploymentPostprocessing = 0;
		};
		2D5924211D161BE3009444BB /* Resources */ = {
			isa = PBXResourcesBuildPhase;
			buildActionMask = 2147483647;
			files = (
				2DFDF57A1D2CB5E300A1F015 /* TwitterKitResources.bundle in Resources */,
			);
			runOnlyForDeploymentPostprocessing = 0;
		};
/* End PBXResourcesBuildPhase section */

/* Begin PBXShellScriptBuildPhase section */
		2DFDF56D1D2CB5C400A1F015 /* ShellScript */ = {
			isa = PBXShellScriptBuildPhase;
			buildActionMask = 2147483647;
			files = (
			);
			inputPaths = (
			);
			outputPaths = (
			);
			runOnlyForDeploymentPostprocessing = 0;
			shellPath = /bin/sh;
			shellScript = "./Fabric.framework/run d3b1ee597f6744f2666bb9094e6e64cdace1a4f6 3f03b2d2c4e64bb598d0d72fc6c49381e57f492093932038cd9142a2f1bee151";
		};
		3B0461276FE74AC3FFC5416A /* [CP] Check Pods Manifest.lock */ = {
			isa = PBXShellScriptBuildPhase;
			buildActionMask = 2147483647;
			files = (
			);
			inputPaths = (
			);
			name = "[CP] Check Pods Manifest.lock";
			outputPaths = (
			);
			runOnlyForDeploymentPostprocessing = 0;
			shellPath = /bin/sh;
			shellScript = "diff \"${PODS_ROOT}/../Podfile.lock\" \"${PODS_ROOT}/Manifest.lock\" > /dev/null\nif [[ $? != 0 ]] ; then\n    cat << EOM\nerror: The sandbox is not in sync with the Podfile.lock. Run 'pod install' or update your CocoaPods installation.\nEOM\n    exit 1\nfi\n";
			showEnvVarsInLog = 0;
		};
		3D6C62CBB69072559E3AAB56 /* [CP] Copy Pods Resources */ = {
			isa = PBXShellScriptBuildPhase;
			buildActionMask = 2147483647;
			files = (
			);
			inputPaths = (
			);
			name = "[CP] Copy Pods Resources";
			outputPaths = (
			);
			runOnlyForDeploymentPostprocessing = 0;
			shellPath = /bin/sh;
			shellScript = "\"${SRCROOT}/Pods/Target Support Files/Pods-CelebritySentimentTests/Pods-CelebritySentimentTests-resources.sh\"\n";
			showEnvVarsInLog = 0;
		};
		62F4AEEC91DAA1AF9FC937ED /* [CP] Copy Pods Resources */ = {
			isa = PBXShellScriptBuildPhase;
			buildActionMask = 2147483647;
			files = (
			);
			inputPaths = (
			);
			name = "[CP] Copy Pods Resources";
			outputPaths = (
			);
			runOnlyForDeploymentPostprocessing = 0;
			shellPath = /bin/sh;
			shellScript = "\"${SRCROOT}/Pods/Target Support Files/Pods-CelebritySentimentUITests/Pods-CelebritySentimentUITests-resources.sh\"\n";
			showEnvVarsInLog = 0;
		};
		8B96A2362D3B56B298E010FC /* [CP] Check Pods Manifest.lock */ = {
			isa = PBXShellScriptBuildPhase;
			buildActionMask = 2147483647;
			files = (
			);
			inputPaths = (
			);
			name = "[CP] Check Pods Manifest.lock";
			outputPaths = (
			);
			runOnlyForDeploymentPostprocessing = 0;
			shellPath = /bin/sh;
			shellScript = "diff \"${PODS_ROOT}/../Podfile.lock\" \"${PODS_ROOT}/Manifest.lock\" > /dev/null\nif [[ $? != 0 ]] ; then\n    cat << EOM\nerror: The sandbox is not in sync with the Podfile.lock. Run 'pod install' or update your CocoaPods installation.\nEOM\n    exit 1\nfi\n";
			showEnvVarsInLog = 0;
		};
		E79DCA01D3316BE26AF78B7C /* [CP] Embed Pods Frameworks */ = {
			isa = PBXShellScriptBuildPhase;
			buildActionMask = 2147483647;
			files = (
			);
			inputPaths = (
			);
			name = "[CP] Embed Pods Frameworks";
			outputPaths = (
			);
			runOnlyForDeploymentPostprocessing = 0;
			shellPath = /bin/sh;
			shellScript = "\"${SRCROOT}/Pods/Target Support Files/Pods-CelebritySentimentTests/Pods-CelebritySentimentTests-frameworks.sh\"\n";
			showEnvVarsInLog = 0;
		};
/* End PBXShellScriptBuildPhase section */

/* Begin PBXSourcesBuildPhase section */
		2D5923FD1D161BE2009444BB /* Sources */ = {
			isa = PBXSourcesBuildPhase;
			buildActionMask = 2147483647;
			files = (
				2DA998431D2E3DD600C2D289 /* CelebrityCollectionViewController.swift in Sources */,
				2DA998451D2E3DFB00C2D289 /* CelebrityCollectionViewCell.swift in Sources */,
				2DFDF56C1D2CAEC600A1F015 /* Login.swift in Sources */,
				2D5924071D161BE2009444BB /* ViewController.swift in Sources */,
				2D16F02E1D1BBB3B001C3439 /* GroupViewTableCell.swift in Sources */,
				2D16F0281D1B96A8001C3439 /* GroupsTableViewController.swift in Sources */,
				2D5924051D161BE2009444BB /* AppDelegate.swift in Sources */,
				2D59240D1D161BE2009444BB /* CelebritySentiment.xcdatamodeld in Sources */,
				2D16F0251D1A6D26001C3439 /* Groups.swift in Sources */,
			);
			runOnlyForDeploymentPostprocessing = 0;
		};
		2D5924141D161BE3009444BB /* Sources */ = {
			isa = PBXSourcesBuildPhase;
			buildActionMask = 2147483647;
			files = (
				2D59241D1D161BE3009444BB /* CelebritySentimentTests.swift in Sources */,
				2D16F0261D1A6D26001C3439 /* Groups.swift in Sources */,
				2D16F0291D1B96A8001C3439 /* GroupsTableViewController.swift in Sources */,
				2D16F02F1D1BBB3B001C3439 /* GroupViewTableCell.swift in Sources */,
			);
			runOnlyForDeploymentPostprocessing = 0;
		};
		2D59241F1D161BE3009444BB /* Sources */ = {
			isa = PBXSourcesBuildPhase;
			buildActionMask = 2147483647;
			files = (
				2D5924281D161BE3009444BB /* CelebritySentimentUITests.swift in Sources */,
			);
			runOnlyForDeploymentPostprocessing = 0;
		};
/* End PBXSourcesBuildPhase section */

/* Begin PBXTargetDependency section */
		2D59241A1D161BE3009444BB /* PBXTargetDependency */ = {
			isa = PBXTargetDependency;
			target = 2D5924001D161BE2009444BB /* CelebritySentiment */;
			targetProxy = 2D5924191D161BE3009444BB /* PBXContainerItemProxy */;
		};
		2D5924251D161BE3009444BB /* PBXTargetDependency */ = {
			isa = PBXTargetDependency;
			target = 2D5924001D161BE2009444BB /* CelebritySentiment */;
			targetProxy = 2D5924241D161BE3009444BB /* PBXContainerItemProxy */;
		};
		2DA998611D31A59C00C2D289 /* PBXTargetDependency */ = {
			isa = PBXTargetDependency;
			name = "Alamofire iOS";
			targetProxy = 2DA998601D31A59C00C2D289 /* PBXContainerItemProxy */;
		};
/* End PBXTargetDependency section */

/* Begin PBXVariantGroup section */
		2D5924081D161BE2009444BB /* Main.storyboard */ = {
			isa = PBXVariantGroup;
			children = (
				2D5924091D161BE2009444BB /* Base */,
			);
			name = Main.storyboard;
			sourceTree = "<group>";
		};
		2D5924101D161BE2009444BB /* LaunchScreen.storyboard */ = {
			isa = PBXVariantGroup;
			children = (
				2D5924111D161BE2009444BB /* Base */,
			);
			name = LaunchScreen.storyboard;
			sourceTree = "<group>";
		};
/* End PBXVariantGroup section */

/* Begin XCBuildConfiguration section */
		2D59242A1D161BE3009444BB /* Debug */ = {
			isa = XCBuildConfiguration;
			buildSettings = {
				ALWAYS_SEARCH_USER_PATHS = NO;
				CLANG_ANALYZER_NONNULL = YES;
				CLANG_CXX_LANGUAGE_STANDARD = "gnu++0x";
				CLANG_CXX_LIBRARY = "libc++";
				CLANG_ENABLE_MODULES = YES;
				CLANG_ENABLE_OBJC_ARC = YES;
				CLANG_WARN_BOOL_CONVERSION = YES;
				CLANG_WARN_CONSTANT_CONVERSION = YES;
				CLANG_WARN_DIRECT_OBJC_ISA_USAGE = YES_ERROR;
				CLANG_WARN_EMPTY_BODY = YES;
				CLANG_WARN_ENUM_CONVERSION = YES;
				CLANG_WARN_INT_CONVERSION = YES;
				CLANG_WARN_OBJC_ROOT_CLASS = YES_ERROR;
				CLANG_WARN_UNREACHABLE_CODE = YES;
				CLANG_WARN__DUPLICATE_METHOD_MATCH = YES;
				"CODE_SIGN_IDENTITY[sdk=iphoneos*]" = "iPhone Developer";
				COPY_PHASE_STRIP = NO;
				DEBUG_INFORMATION_FORMAT = dwarf;
				ENABLE_STRICT_OBJC_MSGSEND = YES;
				ENABLE_TESTABILITY = YES;
				GCC_C_LANGUAGE_STANDARD = gnu99;
				GCC_DYNAMIC_NO_PIC = NO;
				GCC_NO_COMMON_BLOCKS = YES;
				GCC_OPTIMIZATION_LEVEL = 0;
				GCC_PREPROCESSOR_DEFINITIONS = (
					"DEBUG=1",
					"$(inherited)",
				);
				GCC_WARN_64_TO_32_BIT_CONVERSION = YES;
				GCC_WARN_ABOUT_RETURN_TYPE = YES_ERROR;
				GCC_WARN_UNDECLARED_SELECTOR = YES;
				GCC_WARN_UNINITIALIZED_AUTOS = YES_AGGRESSIVE;
				GCC_WARN_UNUSED_FUNCTION = YES;
				GCC_WARN_UNUSED_VARIABLE = YES;
				IPHONEOS_DEPLOYMENT_TARGET = 9.3;
				MTL_ENABLE_DEBUG_INFO = YES;
				ONLY_ACTIVE_ARCH = YES;
				SDKROOT = iphoneos;
				SWIFT_OPTIMIZATION_LEVEL = "-Onone";
			};
			name = Debug;
		};
		2D59242B1D161BE3009444BB /* Release */ = {
			isa = XCBuildConfiguration;
			buildSettings = {
				ALWAYS_SEARCH_USER_PATHS = NO;
				CLANG_ANALYZER_NONNULL = YES;
				CLANG_CXX_LANGUAGE_STANDARD = "gnu++0x";
				CLANG_CXX_LIBRARY = "libc++";
				CLANG_ENABLE_MODULES = YES;
				CLANG_ENABLE_OBJC_ARC = YES;
				CLANG_WARN_BOOL_CONVERSION = YES;
				CLANG_WARN_CONSTANT_CONVERSION = YES;
				CLANG_WARN_DIRECT_OBJC_ISA_USAGE = YES_ERROR;
				CLANG_WARN_EMPTY_BODY = YES;
				CLANG_WARN_ENUM_CONVERSION = YES;
				CLANG_WARN_INT_CONVERSION = YES;
				CLANG_WARN_OBJC_ROOT_CLASS = YES_ERROR;
				CLANG_WARN_UNREACHABLE_CODE = YES;
				CLANG_WARN__DUPLICATE_METHOD_MATCH = YES;
				"CODE_SIGN_IDENTITY[sdk=iphoneos*]" = "iPhone Developer";
				COPY_PHASE_STRIP = NO;
				DEBUG_INFORMATION_FORMAT = "dwarf-with-dsym";
				ENABLE_NS_ASSERTIONS = NO;
				ENABLE_STRICT_OBJC_MSGSEND = YES;
				GCC_C_LANGUAGE_STANDARD = gnu99;
				GCC_NO_COMMON_BLOCKS = YES;
				GCC_WARN_64_TO_32_BIT_CONVERSION = YES;
				GCC_WARN_ABOUT_RETURN_TYPE = YES_ERROR;
				GCC_WARN_UNDECLARED_SELECTOR = YES;
				GCC_WARN_UNINITIALIZED_AUTOS = YES_AGGRESSIVE;
				GCC_WARN_UNUSED_FUNCTION = YES;
				GCC_WARN_UNUSED_VARIABLE = YES;
				IPHONEOS_DEPLOYMENT_TARGET = 9.3;
				MTL_ENABLE_DEBUG_INFO = NO;
				SDKROOT = iphoneos;
				VALIDATE_PRODUCT = YES;
			};
			name = Release;
		};
		2D59242D1D161BE3009444BB /* Debug */ = {
			isa = XCBuildConfiguration;
			buildSettings = {
				ASSETCATALOG_COMPILER_APPICON_NAME = AppIcon;
				EMBEDDED_CONTENT_CONTAINS_SWIFT = YES;
				FRAMEWORK_SEARCH_PATHS = (
					"$(inherited)",
					"$(PROJECT_DIR)",
				);
				INFOPLIST_FILE = CelebritySentiment/Info.plist;
				IPHONEOS_DEPLOYMENT_TARGET = 9.0;
				LD_RUNPATH_SEARCH_PATHS = "$(inherited) @executable_path/Frameworks";
				PRODUCT_BUNDLE_IDENTIFIER = com.Ajay.CelebritySentiment;
				PRODUCT_NAME = "$(TARGET_NAME)";
				TARGETED_DEVICE_FAMILY = 1;
			};
			name = Debug;
		};
		2D59242E1D161BE3009444BB /* Release */ = {
			isa = XCBuildConfiguration;
			buildSettings = {
				ASSETCATALOG_COMPILER_APPICON_NAME = AppIcon;
				EMBEDDED_CONTENT_CONTAINS_SWIFT = YES;
				FRAMEWORK_SEARCH_PATHS = (
					"$(inherited)",
					"$(PROJECT_DIR)",
				);
				INFOPLIST_FILE = CelebritySentiment/Info.plist;
				IPHONEOS_DEPLOYMENT_TARGET = 9.0;
				LD_RUNPATH_SEARCH_PATHS = "$(inherited) @executable_path/Frameworks";
				PRODUCT_BUNDLE_IDENTIFIER = com.Ajay.CelebritySentiment;
				PRODUCT_NAME = "$(TARGET_NAME)";
				TARGETED_DEVICE_FAMILY = 1;
			};
			name = Release;
		};
		2D5924301D161BE3009444BB /* Debug */ = {
			isa = XCBuildConfiguration;
			buildSettings = {
				BUNDLE_LOADER = "$(TEST_HOST)";
				FRAMEWORK_SEARCH_PATHS = (
					"$(inherited)",
					"$(PROJECT_DIR)",
				);
				INFOPLIST_FILE = CelebritySentimentTests/Info.plist;
				LD_RUNPATH_SEARCH_PATHS = "$(inherited) @executable_path/Frameworks @loader_path/Frameworks";
				PRODUCT_BUNDLE_IDENTIFIER = com.Ajay.CelebritySentimentTests;
				PRODUCT_NAME = "$(TARGET_NAME)";
				TEST_HOST = "$(BUILT_PRODUCTS_DIR)/CelebritySentiment.app/CelebritySentiment";
			};
			name = Debug;
		};
		2D5924311D161BE3009444BB /* Release */ = {
			isa = XCBuildConfiguration;
			buildSettings = {
				BUNDLE_LOADER = "$(TEST_HOST)";
				FRAMEWORK_SEARCH_PATHS = (
					"$(inherited)",
					"$(PROJECT_DIR)",
				);
				INFOPLIST_FILE = CelebritySentimentTests/Info.plist;
				LD_RUNPATH_SEARCH_PATHS = "$(inherited) @executable_path/Frameworks @loader_path/Frameworks";
				PRODUCT_BUNDLE_IDENTIFIER = com.Ajay.CelebritySentimentTests;
				PRODUCT_NAME = "$(TARGET_NAME)";
				TEST_HOST = "$(BUILT_PRODUCTS_DIR)/CelebritySentiment.app/CelebritySentiment";
			};
			name = Release;
		};
		2D5924331D161BE3009444BB /* Debug */ = {
			isa = XCBuildConfiguration;
			buildSettings = {
				FRAMEWORK_SEARCH_PATHS = (
					"$(inherited)",
					"$(PROJECT_DIR)",
				);
				INFOPLIST_FILE = CelebritySentimentUITests/Info.plist;
				LD_RUNPATH_SEARCH_PATHS = "$(inherited) @executable_path/Frameworks @loader_path/Frameworks";
				PRODUCT_BUNDLE_IDENTIFIER = com.Ajay.CelebritySentimentUITests;
				PRODUCT_NAME = "$(TARGET_NAME)";
				TEST_TARGET_NAME = CelebritySentiment;
			};
			name = Debug;
		};
		2D5924341D161BE3009444BB /* Release */ = {
			isa = XCBuildConfiguration;
			buildSettings = {
				FRAMEWORK_SEARCH_PATHS = (
					"$(inherited)",
					"$(PROJECT_DIR)",
				);
				INFOPLIST_FILE = CelebritySentimentUITests/Info.plist;
				LD_RUNPATH_SEARCH_PATHS = "$(inherited) @executable_path/Frameworks @loader_path/Frameworks";
				PRODUCT_BUNDLE_IDENTIFIER = com.Ajay.CelebritySentimentUITests;
				PRODUCT_NAME = "$(TARGET_NAME)";
				TEST_TARGET_NAME = CelebritySentiment;
			};
			name = Release;
		};
/* End XCBuildConfiguration section */

/* Begin XCConfigurationList section */
		2D5923FC1D161BE2009444BB /* Build configuration list for PBXProject "CelebritySentiment" */ = {
			isa = XCConfigurationList;
			buildConfigurations = (
				2D59242A1D161BE3009444BB /* Debug */,
				2D59242B1D161BE3009444BB /* Release */,
			);
			defaultConfigurationIsVisible = 0;
			defaultConfigurationName = Release;
		};
		2D59242C1D161BE3009444BB /* Build configuration list for PBXNativeTarget "CelebritySentiment" */ = {
			isa = XCConfigurationList;
			buildConfigurations = (
				2D59242D1D161BE3009444BB /* Debug */,
				2D59242E1D161BE3009444BB /* Release */,
			);
			defaultConfigurationIsVisible = 0;
			defaultConfigurationName = Release;
		};
		2D59242F1D161BE3009444BB /* Build configuration list for PBXNativeTarget "CelebritySentimentTests" */ = {
			isa = XCConfigurationList;
			buildConfigurations = (
				2D5924301D161BE3009444BB /* Debug */,
				2D5924311D161BE3009444BB /* Release */,
			);
			defaultConfigurationIsVisible = 0;
			defaultConfigurationName = Release;
		};
		2D5924321D161BE3009444BB /* Build configuration list for PBXNativeTarget "CelebritySentimentUITests" */ = {
			isa = XCConfigurationList;
			buildConfigurations = (
				2D5924331D161BE3009444BB /* Debug */,
				2D5924341D161BE3009444BB /* Release */,
			);
			defaultConfigurationIsVisible = 0;
			defaultConfigurationName = Release;
		};
/* End XCConfigurationList section */

/* Begin XCVersionGroup section */
		2D59240B1D161BE2009444BB /* CelebritySentiment.xcdatamodeld */ = {
			isa = XCVersionGroup;
			children = (
				2D59240C1D161BE2009444BB /* CelebritySentiment.xcdatamodel */,
			);
			currentVersion = 2D59240C1D161BE2009444BB /* CelebritySentiment.xcdatamodel */;
			path = CelebritySentiment.xcdatamodeld;
			sourceTree = "<group>";
			versionGroupType = wrapper.xcdatamodel;
		};
/* End XCVersionGroup section */
	};
	rootObject = 2D5923F91D161BE2009444BB /* Project object */;
}
